Microsoft Visual Studio Solution File, Format Version 12.00
# Visual Studio Version 16
VisualStudioVersion = 16.0.29324.140
MinimumVisualStudioVersion = 10.0.40219.1
Project("{9A19103F-16F7-4668-BE54-9A1E7A4F7556}") = "<%= config.projectPrefix %>.<%= config.nameCapitalize %>.Api", "<%= config.projectPrefix %>.<%= config.nameCapitalize %>.Api\<%= config.projectPrefix %>.<%= config.nameCapitalize %>.Api.csproj", "{58C49BFE-5A9B-4586-93E4-F6FEF8CB5A77}"
EndProject
Project("{9A19103F-16F7-4668-BE54-9A1E7A4F7556}") = "<%= config.projectPrefix %>.<%= config.nameCapitalize %>.Domain", "<%= config.projectPrefix %>.<%= config.nameCapitalize %>.Domain\<%= config.projectPrefix %>.<%= config.nameCapitalize %>.Domain.csproj", "{B2DB8228-EBA1-43B6-9AA2-8503D7008A16}"
EndProject
Project("{9A19103F-16F7-4668-BE54-9A1E7A4F7556}") = "<%= config.projectPrefix %>.<%= config.nameCapitalize %>.Infrastructure", "<%= config.projectPrefix %>.<%= config.nameCapitalize %>.Infrastructure\<%= config.projectPrefix %>.<%= config.nameCapitalize %>.Infrastructure.csproj", "{D7864647-85D2-4DE5-9CFF-338D57EC6646}"
EndProject
Project("{2150E333-8FDC-42A3-9474-1A3956D46DE8}") = "Tests", "Tests", "{430BB428-5587-4497-A08A-2DAAC0B0E9A3}"
EndProject
Project("{9A19103F-16F7-4668-BE54-9A1E7A4F7556}") = "<%= config.projectPrefix %>.<%= config.nameCapitalize %>.Api.Test", "<%= config.projectPrefix %>.<%= config.nameCapitalize %>.Api.Test\<%= config.projectPrefix %>.<%= config.nameCapitalize %>.Api.Test.csproj", "{62908844-5CC7-4918-999D-10F8E177F338}"
EndProject
Global
	GlobalSection(SolutionConfigurationPlatforms) = preSolution
		Debug|Any CPU = Debug|Any CPU
		Release|Any CPU = Release|Any CPU
	EndGlobalSection
	GlobalSection(ProjectConfigurationPlatforms) = postSolution
		{58C49BFE-5A9B-4586-93E4-F6FEF8CB5A77}.Debug|Any CPU.ActiveCfg = Debug|Any CPU
		{58C49BFE-5A9B-4586-93E4-F6FEF8CB5A77}.Debug|Any CPU.Build.0 = Debug|Any CPU
		{58C49BFE-5A9B-4586-93E4-F6FEF8CB5A77}.Release|Any CPU.ActiveCfg = Release|Any CPU
		{58C49BFE-5A9B-4586-93E4-F6FEF8CB5A77}.Release|Any CPU.Build.0 = Release|Any CPU
		{B2DB8228-EBA1-43B6-9AA2-8503D7008A16}.Debug|Any CPU.ActiveCfg = Debug|Any CPU
		{B2DB8228-EBA1-43B6-9AA2-8503D7008A16}.Debug|Any CPU.Build.0 = Debug|Any CPU
		{B2DB8228-EBA1-43B6-9AA2-8503D7008A16}.Release|Any CPU.ActiveCfg = Release|Any CPU
		{B2DB8228-EBA1-43B6-9AA2-8503D7008A16}.Release|Any CPU.Build.0 = Release|Any CPU
		{D7864647-85D2-4DE5-9CFF-338D57EC6646}.Debug|Any CPU.ActiveCfg = Debug|Any CPU
		{D7864647-85D2-4DE5-9CFF-338D57EC6646}.Debug|Any CPU.Build.0 = Debug|Any CPU
		{D7864647-85D2-4DE5-9CFF-338D57EC6646}.Release|Any CPU.ActiveCfg = Release|Any CPU
		{D7864647-85D2-4DE5-9CFF-338D57EC6646}.Release|Any CPU.Build.0 = Release|Any CPU
		{62908844-5CC7-4918-999D-10F8E177F338}.Debug|Any CPU.ActiveCfg = Debug|Any CPU
		{62908844-5CC7-4918-999D-10F8E177F338}.Debug|Any CPU.Build.0 = Debug|Any CPU
		{62908844-5CC7-4918-999D-10F8E177F338}.Release|Any CPU.ActiveCfg = Release|Any CPU
		{62908844-5CC7-4918-999D-10F8E177F338}.Release|Any CPU.Build.0 = Release|Any CPU
	EndGlobalSection
	GlobalSection(SolutionProperties) = preSolution
		HideSolutionNode = FALSE
	EndGlobalSection
	GlobalSection(NestedProjects) = preSolution
		{62908844-5CC7-4918-999D-10F8E177F338} = {430BB428-5587-4497-A08A-2DAAC0B0E9A3}
	EndGlobalSection
	GlobalSection(ExtensibilityGlobals) = postSolution
		SolutionGuid = {21FA6D77-A43C-4DFC-84B2-6BC7AEDF1ED0}
	EndGlobalSection
EndGlobal
